PODS:
  - Alamofire (5.0.0-beta.3)
  - Charts (3.2.2):
    - Charts/Core (= 3.2.2)
  - Charts/Core (3.2.2)

DEPENDENCIES:
  - Alamofire (~> 5.0.0-beta.3)
  - Charts

SPEC REPOS:
  https://github.com/cocoapods/specs.git:
    - Alamofire
    - Charts

SPEC CHECKSUMS:
  Alamofire: 50d6fa7e8cbe7f84559e86ab641ffd029db655f8
  Charts: f69cf0518b6d1d62608ca504248f1bbe0b6ae77e

PODFILE CHECKSUM: 487e8787c6df28623bfeb9641852e0d1b787631b

COCOAPODS: 1.6.1
